// !$*UTF8*$!
{
	archiveVersion = 1;
	classes = {
	};
	objectVersion = 46;
	objects = {

/* Begin PBXBuildFile section */
		937304CB1BEB0F4D00F7D9E3 /* main.m in Sources */ = {isa = PBXBuildFile; fileRef = 937304CA1BEB0F4D00F7D9E3 /* main.m */; };
		937304CE1BEB0F4D00F7D9E3 /* AppDelegate.m in Sources */ = {isa = PBXBuildFile; fileRef = 937304CD1BEB0F4D00F7D9E3 /* AppDelegate.m */; };
		937304D11BEB0F4D00F7D9E3 /* ViewController.m in Sources */ = {isa = PBXBuildFile; fileRef = 937304D01BEB0F4D00F7D9E3 /* ViewController.m */; };
		937304D41BEB0F4D00F7D9E3 /* Main.storyboard in Resources */ = {isa = PBXBuildFile; fileRef = 937304D21BEB0F4D00F7D9E3 /* Main.storyboard */; };
		937304D61BEB0F4D00F7D9E3 /* Assets.xcassets in Resources */ = {isa = PBXBuildFile; fileRef = 937304D51BEB0F4D00F7D9E3 /* Assets.xcassets */; };
		937304D91BEB0F4D00F7D9E3 /* LaunchScreen.storyboard in Resources */ = {isa = PBXBuildFile; fileRef = 937304D71BEB0F4D00F7D9E3 /* LaunchScreen.storyboard */; };
		937304E41BEB0F4D00F7D9E3 /* FengurArchiveTests.m in Sources */ = {isa = PBXBuildFile; fileRef = 937304E31BEB0F4D00F7D9E3 /* FengurArchiveTests.m */; };
		937304EF1BEB0F4D00F7D9E3 /* FengurArchiveUITests.m in Sources */ = {isa = PBXBuildFile; fileRef = 937304EE1BEB0F4D00F7D9E3 /* FengurArchiveUITests.m */; };
		937304FE1BEB0F6D00F7D9E3 /* FGArchive.m in Sources */ = {isa = PBXBuildFile; fileRef = 937304FD1BEB0F6D00F7D9E3 /* FGArchive.m */; };
		937305041BEB100500F7D9E3 /* Person.m in Sources */ = {isa = PBXBuildFile; fileRef = 937305031BEB100500F7D9E3 /* Person.m */; };
/* End PBXBuildFile section */

/* Begin PBXContainerItemProxy section */
		937304E01BEB0F4D00F7D9E3 /* PBXContainerItemProxy */ = {
			isa = PBXContainerItemProxy;
			containerPortal = 937304BE1BEB0F4D00F7D9E3 /* Project object */;
			proxyType = 1;
			remoteGlobalIDString = 937304C51BEB0F4D00F7D9E3;
			remoteInfo = FengurArchive;
		};
		937304EB1BEB0F4D00F7D9E3 /* PBXContainerItemProxy */ = {
			isa = PBXContainerItemProxy;
			containerPortal = 937304BE1BEB0F4D00F7D9E3 /* Project object */;
			proxyType = 1;
			remoteGlobalIDString = 937304C51BEB0F4D00F7D9E3;
			remoteInfo = FengurArchive;
		};
/* End PBXContainerItemProxy section */

/* Begin PBXFileReference section */
		937304C61BEB0F4D00F7D9E3 /* FengurArchive.app */ = {isa = PBXFileReference; explicitFileType = wrapper.application; includeInIndex = 0; path = FengurArchive.app; sourceTree = BUILT_PRODUCTS_DIR; };
		937304CA1BEB0F4D00F7D9E3 /* main.m */ = {isa = PBXFileReference; lastKnownFileType = sourcecode.c.objc; path = main.m; sourceTree = "<group>"; };
		937304CC1BEB0F4D00F7D9E3 /* AppDelegate.h */ = {isa = PBXFileReference; lastKnownFileType = sourcecode.c.h; path = AppDelegate.h; sourceTree = "<group>"; };
		937304CD1BEB0F4D00F7D9E3 /* AppDelegate.m */ = {isa = PBXFileReference; lastKnownFileType = sourcecode.c.objc; path = AppDelegate.m; sourceTree = "<group>"; };
		937304CF1BEB0F4D00F7D9E3 /* ViewController.h */ = {isa = PBXFileReference; lastKnownFileType = sourcecode.c.h; path = ViewController.h; sourceTree = "<group>"; };
		937304D01BEB0F4D00F7D9E3 /* ViewController.m */ = {isa = PBXFileReference; lastKnownFileType = sourcecode.c.objc; path = ViewController.m; sourceTree = "<group>"; };
		937304D31BEB0F4D00F7D9E3 /* Base */ = {isa = PBXFileReference; lastKnownFileType = file.storyboard; name = Base; path = Base.lproj/Main.storyboard; sourceTree = "<group>"; };
		937304D51BEB0F4D00F7D9E3 /* Assets.xcassets */ = {isa = PBXFileReference; lastKnownFileType = folder.assetcatalog; path = Assets.xcassets; sourceTree = "<group>"; };
		937304D81BEB0F4D00F7D9E3 /* Base */ = {isa = PBXFileReference; lastKnownFileType = file.storyboard; name = Base; path = Base.lproj/LaunchScreen.storyboard; sourceTree = "<group>"; };
		937304DA1BEB0F4D00F7D9E3 /* Info.plist */ = {isa = PBXFileReference; lastKnownFileType = text.plist.xml; path = Info.plist; sourceTree = "<group>"; };
		937304DF1BEB0F4D00F7D9E3 /* FengurArchiveTests.xctest */ = {isa = PBXFileReference; explicitFileType = wrapper.cfbundle; includeInIndex = 0; path = FengurArchiveTests.xctest; sourceTree = BUILT_PRODUCTS_DIR; };
		937304E31BEB0F4D00F7D9E3 /* FengurArchiveTests.m */ = {isa = PBXFileReference; lastKnownFileType = sourcecode.c.objc; path = FengurArchiveTests.m; sourceTree = "<group>"; };
		937304E51BEB0F4D00F7D9E3 /* Info.plist */ = {isa = PBXFileReference; lastKnownFileType = text.plist.xml; path = Info.plist; sourceTree = "<group>"; };
		937304EA1BEB0F4D00F7D9E3 /* FengurArchiveUITests.xctest */ = {isa = PBXFileReference; explicitFileType = wrapper.cfbundle; includeInIndex = 0; path = FengurArchiveUITests.xctest; sourceTree = BUILT_PRODUCTS_DIR; };
		937304EE1BEB0F4D00F7D9E3 /* FengurArchiveUITests.m */ = {isa = PBXFileReference; lastKnownFileType = sourcecode.c.objc; path = FengurArchiveUITests.m; sourceTree = "<group>"; };
		937304F01BEB0F4D00F7D9E3 /* Info.plist */ = {isa = PBXFileReference; lastKnownFileType = text.plist.xml; path = Info.plist; sourceTree = "<group>"; };
		937304FC1BEB0F6D00F7D9E3 /* FGArchive.h */ = {isa = PBXFileReference; fileEncoding = 4; lastKnownFileType = sourcecode.c.h; path = FGArchive.h; sourceTree = "<group>"; };
		937304FD1BEB0F6D00F7D9E3 /* FGArchive.m */ = {isa = PBXFileReference; fileEncoding = 4; lastKnownFileType = sourcecode.c.objc; path = FGArchive.m; sourceTree = "<group>"; };
		937305021BEB100500F7D9E3 /* Person.h */ = {isa = PBXFileReference; fileEncoding = 4; lastKnownFileType = sourcecode.c.h; path = Person.h; sourceTree = "<group>"; };
		937305031BEB100500F7D9E3 /* Person.m */ = {isa = PBXFileReference; fileEncoding = 4; lastKnownFileType = sourcecode.c.objc; path = Person.m; sourceTree = "<group>"; };
/* End PBXFileReference section */

/* Begin PBXFrameworksBuildPhase section */
		937304C31BEB0F4D00F7D9E3 /* Frameworks */ = {
			isa = PBXFrameworksBuildPhase;
			buildActionMask = 2147483647;
			files = (
			);
			runOnlyForDeploymentPostprocessing = 0;
		};
		937304DC1BEB0F4D00F7D9E3 /* Frameworks */ = {
			isa = PBXFrameworksBuildPhase;
			buildActionMask = 2147483647;
			files = (
			);
			runOnlyForDeploymentPostprocessing = 0;
		};
		937304E71BEB0F4D00F7D9E3 /* Frameworks */ = {
			isa = PBXFrameworksBuildPhase;
			buildActionMask = 2147483647;
			files = (
			);
			runOnlyForDeploymentPostprocessing = 0;
		};
/* End PBXFrameworksBuildPhase section */

/* Begin PBXGroup section */
		937304BD1BEB0F4D00F7D9E3 = {
			isa = PBXGroup;
			children = (
				937304C81BEB0F4D00F7D9E3 /* FengurArchive */,
				937304E21BEB0F4D00F7D9E3 /* FengurArchiveTests */,
				937304ED1BEB0F4D00F7D9E3 /* FengurArchiveUITests */,
				937304C71BEB0F4D00F7D9E3 /* Products */,
			);
			sourceTree = "<group>";
		};
		937304C71BEB0F4D00F7D9E3 /* Products */ = {
			isa = PBXGroup;
			children = (
				937304C61BEB0F4D00F7D9E3 /* FengurArchive.app */,
				937304DF1BEB0F4D00F7D9E3 /* FengurArchiveTests.xctest */,
				937304EA1BEB0F4D00F7D9E3 /* FengurArchiveUITests.xctest */,
			);
			name = Products;
			sourceTree = "<group>";
		};
		937304C81BEB0F4D00F7D9E3 /* FengurArchive */ = {
			isa = PBXGroup;
			children = (
				937305011BEB0FE200F7D9E3 /* VC */,
				937305001BEB0FDC00F7D9E3 /* Model */,
				937304FF1BEB0F7700F7D9E3 /* FengurArchive */,
				937304C91BEB0F4D00F7D9E3 /* Supporting Files */,
			);
			path = FengurArchive;
			sourceTree = "<group>";
		};
		937304C91BEB0F4D00F7D9E3 /* Supporting Files */ = {
			isa = PBXGroup;
			children = (
				937304CC1BEB0F4D00F7D9E3 /* AppDelegate.h */,
				937304CD1BEB0F4D00F7D9E3 /* AppDelegate.m */,
				937304D21BEB0F4D00F7D9E3 /* Main.storyboard */,
				937304D51BEB0F4D00F7D9E3 /* Assets.xcassets */,
				937304D71BEB0F4D00F7D9E3 /* LaunchScreen.storyboard */,
				937304DA1BEB0F4D00F7D9E3 /* Info.plist */,
				937304CA1BEB0F4D00F7D9E3 /* main.m */,
			);
			name = "Supporting Files";
			sourceTree = "<group>";
		};
		937304E21BEB0F4D00F7D9E3 /* FengurArchiveTests */ = {
			isa = PBXGroup;
			children = (
				937304E31BEB0F4D00F7D9E3 /* FengurArchiveTests.m */,
				937304E51BEB0F4D00F7D9E3 /* Info.plist */,
			);
			path = FengurArchiveTests;
			sourceTree = "<group>";
		};
		937304ED1BEB0F4D00F7D9E3 /* FengurArchiveUITests */ = {
			isa = PBXGroup;
			children = (
				937304EE1BEB0F4D00F7D9E3 /* FengurArchiveUITests.m */,
				937304F01BEB0F4D00F7D9E3 /* Info.plist */,
			);
			path = FengurArchiveUITests;
			sourceTree = "<group>";
		};
		937304FF1BEB0F7700F7D9E3 /* FengurArchive */ = {
			isa = PBXGroup;
			children = (
				937304FC1BEB0F6D00F7D9E3 /* FGArchive.h */,
				937304FD1BEB0F6D00F7D9E3 /* FGArchive.m */,
			);
			name = FengurArchive;
			sourceTree = "<group>";
		};
		937305001BEB0FDC00F7D9E3 /* Model */ = {
			isa = PBXGroup;
			children = (
				937305021BEB100500F7D9E3 /* Person.h */,
				937305031BEB100500F7D9E3 /* Person.m */,
			);
			name = Model;
			sourceTree = "<group>";
		};
		937305011BEB0FE200F7D9E3 /* VC */ = {
			isa = PBXGroup;
			children = (
				937304CF1BEB0F4D00F7D9E3 /* ViewController.h */,
				937304D01BEB0F4D00F7D9E3 /* ViewController.m */,
			);
			name = VC;
			sourceTree = "<group>";
		};
/* End PBXGroup section */

/* Begin PBXNativeTarget section */
		937304C51BEB0F4D00F7D9E3 /* FengurArchive */ = {
			isa = PBXNativeTarget;
			buildConfigurationList = 937304F31BEB0F4D00F7D9E3 /* Build configuration list for PBXNativeTarget "FengurArchive" */;
			buildPhases = (
				937304C21BEB0F4D00F7D9E3 /* Sources */,
				937304C31BEB0F4D00F7D9E3 /* Frameworks */,
				937304C41BEB0F4D00F7D9E3 /* Resources */,
			);
			buildRules = (
			);
			dependencies = (
			);
			name = FengurArchive;
			productName = FengurArchive;
			productReference = 937304C61BEB0F4D00F7D9E3 /* FengurArchive.app */;
			productType = "com.apple.product-type.application";
		};
		937304DE1BEB0F4D00F7D9E3 /* FengurArchiveTests */ = {
			isa = PBXNativeTarget;
			buildConfigurationList = 937304F61BEB0F4D00F7D9E3 /* Build configuration list for PBXNativeTarget "FengurArchiveTests" */;
			buildPhases = (
				937304DB1BEB0F4D00F7D9E3 /* Sources */,
				937304DC1BEB0F4D00F7D9E3 /* Frameworks */,
				937304DD1BEB0F4D00F7D9E3 /* Resources */,
			);
			buildRules = (
			);
			dependencies = (
				937304E11BEB0F4D00F7D9E3 /* PBXTargetDependency */,
			);
			name = FengurArchiveTests;
			productName = FengurArchiveTests;
			productReference = 937304DF1BEB0F4D00F7D9E3 /* FengurArchiveTests.xctest */;
			productType = "com.apple.product-type.bundle.unit-test";
		};
		937304E91BEB0F4D00F7D9E3 /* FengurArchiveUITests */ = {
			isa = PBXNativeTarget;
			buildConfigurationList = 937304F91BEB0F4D00F7D9E3 /* Build configuration list for PBXNativeTarget "FengurArchiveUITests" */;
			buildPhases = (
				937304E61BEB0F4D00F7D9E3 /* Sources */,
				937304E71BEB0F4D00F7D9E3 /* Frameworks */,
				937304E81BEB0F4D00F7D9E3 /* Resources */,
			);
			buildRules = (
			);
			dependencies = (
				937304EC1BEB0F4D00F7D9E3 /* PBXTargetDependency */,
			);
			name = FengurArchiveUITests;
			productName = FengurArchiveUITests;
			productReference = 937304EA1BEB0F4D00F7D9E3 /* FengurArchiveUITests.xctest */;
			productType = "com.apple.product-type.bundle.ui-testing";
		};
/* End PBXNativeTarget section */

/* Begin PBXProject section */
		937304BE1BEB0F4D00F7D9E3 /* Project object */ = {
			isa = PBXProject;
			attributes = {
				LastUpgradeCheck = 0710;
				ORGANIZATIONNAME = UWFengur;
				TargetAttributes = {
					937304C51BEB0F4D00F7D9E3 = {
						CreatedOnToolsVersion = 7.1;
					};
					937304DE1BEB0F4D00F7D9E3 = {
						CreatedOnToolsVersion = 7.1;
						TestTargetID = 937304C51BEB0F4D00F7D9E3;
					};
					937304E91BEB0F4D00F7D9E3 = {
						CreatedOnToolsVersion = 7.1;
						TestTargetID = 937304C51BEB0F4D00F7D9E3;
					};
				};
			};
			buildConfigurationList = 937304C11BEB0F4D00F7D9E3 /* Build configuration list for PBXProject "FengurArchive" */;
			compatibilityVersion = "Xcode 3.2";
			developmentRegion = English;
			hasScannedForEncodings = 0;
			knownRegions = (
				en,
				Base,
			);
			mainGroup = 937304BD1BEB0F4D00F7D9E3;
			productRefGroup = 937304C71BEB0F4D00F7D9E3 /* Products */;
			projectDirPath = "";
			projectRoot = "";
			targets = (
				937304C51BEB0F4D00F7D9E3 /* FengurArchive */,
				937304DE1BEB0F4D00F7D9E3 /* FengurArchiveTests */,
				937304E91BEB0F4D00F7D9E3 /* FengurArchiveUITests */,
			);
		};
/* End PBXProject section */

/* Begin PBXResourcesBuildPhase section */
		937304C41BEB0F4D00F7D9E3 /* Resources */ = {
			isa = PBXResourcesBuildPhase;
			buildActionMask = 2147483647;
			files = (
				937304D91BEB0F4D00F7D9E3 /* LaunchScreen.storyboard in Resources */,
				937304D61BEB0F4D00F7D9E3 /* Assets.xcassets in Resources */,
				937304D41BEB0F4D00F7D9E3 /* Main.storyboard in Resources */,
			);
			runOnlyForDeploymentPostprocessing = 0;
		};
		937304DD1BEB0F4D00F7D9E3 /* Resources */ = {
			isa = PBXResourcesBuildPhase;
			buildActionMask = 2147483647;
			files = (
			);
			runOnlyForDeploymentPostprocessing = 0;
		};
		937304E81BEB0F4D00F7D9E3 /* Resources */ = {
			isa = PBXResourcesBuildPhase;
			buildActionMask = 2147483647;
			files = (
			);
			runOnlyForDeploymentPostprocessing = 0;
		};
/* End PBXResourcesBuildPhase section */

/* Begin PBXSourcesBuildPhase section */
		937304C21BEB0F4D00F7D9E3 /* Sources */ = {
			isa = PBXSourcesBuildPhase;
			buildActionMask = 2147483647;
			files = (
				937304D11BEB0F4D00F7D9E3 /* ViewController.m in Sources */,
				937304FE1BEB0F6D00F7D9E3 /* FGArchive.m in Sources */,
				937305041BEB100500F7D9E3 /* Person.m in Sources */,
				937304CE1BEB0F4D00F7D9E3 /* AppDelegate.m in Sources */,
				937304CB1BEB0F4D00F7D9E3 /* main.m in Sources */,
			);
			runOnlyForDeploymentPostprocessing = 0;
		};
		937304DB1BEB0F4D00F7D9E3 /* Sources */ = {
			isa = PBXSourcesBuildPhase;
			buildActionMask = 2147483647;
			files = (
				937304E41BEB0F4D00F7D9E3 /* FengurArchiveTests.m in Sources */,
			);
			runOnlyForDeploymentPostprocessing = 0;
		};
		937304E61BEB0F4D00F7D9E3 /* Sources */ = {
			isa = PBXSourcesBuildPhase;
			buildActionMask = 2147483647;
			files = (
				937304EF1BEB0F4D00F7D9E3 /* FengurArchiveUITests.m in Sources */,
			);
			runOnlyForDeploymentPostprocessing = 0;
		};
/* End PBXSourcesBuildPhase section */

/* Begin PBXTargetDependency section */
		937304E11BEB0F4D00F7D9E3 /* PBXTargetDependency */ = {
			isa = PBXTargetDependency;
			target = 937304C51BEB0F4D00F7D9E3 /* FengurArchive */;
			targetProxy = 937304E01BEB0F4D00F7D9E3 /* PBXContainerItemProxy */;
		};
		937304EC1BEB0F4D00F7D9E3 /* PBXTargetDependency */ = {
			isa = PBXTargetDependency;
			target = 937304C51BEB0F4D00F7D9E3 /* FengurArchive */;
			targetProxy = 937304EB1BEB0F4D00F7D9E3 /* PBXContainerItemProxy */;
		};
/* End PBXTargetDependency section */

/* Begin PBXVariantGroup section */
		937304D21BEB0F4D00F7D9E3 /* Main.storyboard */ = {
			isa = PBXVariantGroup;
			children = (
				937304D31BEB0F4D00F7D9E3 /* Base */,
			);
			name = Main.storyboard;
			sourceTree = "<group>";
		};
		937304D71BEB0F4D00F7D9E3 /* LaunchScreen.storyboard */ = {
			isa = PBXVariantGroup;
			children = (
				937304D81BEB0F4D00F7D9E3 /* Base */,
			);
			name = LaunchScreen.storyboard;
			sourceTree = "<group>";
		};
/* End PBXVariantGroup section */

/* Begin XCBuildConfiguration section */
		937304F11BEB0F4D00F7D9E3 /* Debug */ = {
			isa = XCBuildConfiguration;
			buildSettings = {
				ALWAYS_SEARCH_USER_PATHS = NO;
				CLANG_CXX_LANGUAGE_STANDARD = "gnu++0x";
				CLANG_CXX_LIBRARY = "libc++";
				CLANG_ENABLE_MODULES = YES;
				CLANG_ENABLE_OBJC_ARC = YES;
				CLANG_WARN_BOOL_CONVERSION = YES;
				CLANG_WARN_CONSTANT_CONVERSION = YES;
				CLANG_WARN_DIRECT_OBJC_ISA_USAGE = YES_ERROR;
				CLANG_WARN_EMPTY_BODY = YES;
				CLANG_WARN_ENUM_CONVERSION = YES;
				CLANG_WARN_INT_CONVERSION = YES;
				CLANG_WARN_OBJC_ROOT_CLASS = YES_ERROR;
				CLANG_WARN_UNREACHABLE_CODE = YES;
				CLANG_WARN__DUPLICATE_METHOD_MATCH = YES;
				"CODE_SIGN_IDENTITY[sdk=iphoneos*]" = "iPhone Developer";
				COPY_PHASE_STRIP = NO;
				DEBUG_INFORMATION_FORMAT = dwarf;
				ENABLE_STRICT_OBJC_MSGSEND = YES;
				ENABLE_TESTABILITY = YES;
				GCC_C_LANGUAGE_STANDARD = gnu99;
				GCC_DYNAMIC_NO_PIC = NO;
				GCC_NO_COMMON_BLOCKS = YES;
				GCC_OPTIMIZATION_LEVEL = 0;
				GCC_PREPROCESSOR_DEFINITIONS = (
					"DEBUG=1",
					"$(inherited)",
				);
				GCC_WARN_64_TO_32_BIT_CONVERSION = YES;
				GCC_WARN_ABOUT_RETURN_TYPE = YES_ERROR;
				GCC_WARN_UNDECLARED_SELECTOR = YES;
				GCC_WARN_UNINITIALIZED_AUTOS = YES_AGGRESSIVE;
				GCC_WARN_UNUSED_FUNCTION = YES;
				GCC_WARN_UNUSED_VARIABLE = YES;
				IPHONEOS_DEPLOYMENT_TARGET = 9.1;
				MTL_ENABLE_DEBUG_INFO = YES;
				ONLY_ACTIVE_ARCH = YES;
				SDKROOT = iphoneos;
			};
			name = Debug;
		};
		937304F21BEB0F4D00F7D9E3 /* Release */ = {
			isa = XCBuildConfiguration;
			buildSettings = {
				ALWAYS_SEARCH_USER_PATHS = NO;
				CLANG_CXX_LANGUAGE_STANDARD = "gnu++0x";
				CLANG_CXX_LIBRARY = "libc++";
				CLANG_ENABLE_MODULES = YES;
				CLANG_ENABLE_OBJC_ARC = YES;
				CLANG_WARN_BOOL_CONVERSION = YES;
				CLANG_WARN_CONSTANT_CONVERSION = YES;
				CLANG_WARN_DIRECT_OBJC_ISA_USAGE = YES_ERROR;
				CLANG_WARN_EMPTY_BODY = YES;
				CLANG_WARN_ENUM_CONVERSION = YES;
				CLANG_WARN_INT_CONVERSION = YES;
				CLANG_WARN_OBJC_ROOT_CLASS = YES_ERROR;
				CLANG_WARN_UNREACHABLE_CODE = YES;
				CLANG_WARN__DUPLICATE_METHOD_MATCH = YES;
				"CODE_SIGN_IDENTITY[sdk=iphoneos*]" = "iPhone Developer";
				COPY_PHASE_STRIP = NO;
				DEBUG_INFORMATION_FORMAT = "dwarf-with-dsym";
				ENABLE_NS_ASSERTIONS = NO;
				ENABLE_STRICT_OBJC_MSGSEND = YES;
				GCC_C_LANGUAGE_STANDARD = gnu99;
				GCC_NO_COMMON_BLOCKS = YES;
				GCC_WARN_64_TO_32_BIT_CONVERSION = YES;
				GCC_WARN_ABOUT_RETURN_TYPE = YES_ERROR;
				GCC_WARN_UNDECLARED_SELECTOR = YES;
				GCC_WARN_UNINITIALIZED_AUTOS = YES_AGGRESSIVE;
				GCC_WARN_UNUSED_FUNCTION = YES;
				GCC_WARN_UNUSED_VARIABLE = YES;
				IPHONEOS_DEPLOYMENT_TARGET = 9.1;
				MTL_ENABLE_DEBUG_INFO = NO;
				SDKROOT = iphoneos;
				VALIDATE_PRODUCT = YES;
			};
			name = Release;
		};
		937304F41BEB0F4D00F7D9E3 /* Debug */ = {
			isa = XCBuildConfiguration;
			buildSettings = {
				ASSETCATALOG_COMPILER_APPICON_NAME = AppIcon;
				INFOPLIST_FILE = FengurArchive/Info.plist;
				LD_RUNPATH_SEARCH_PATHS = "$(inherited) @executable_path/Frameworks";
				PRODUCT_BUNDLE_IDENTIFIER = com.fengur.demo.FengurArchive;
				PRODUCT_NAME = "$(TARGET_NAME)";
			};
			name = Debug;
		};
		937304F51BEB0F4D00F7D9E3 /* Release */ = {
			isa = XCBuildConfiguration;
			buildSettings = {
				ASSETCATALOG_COMPILER_APPICON_NAME = AppIcon;
				INFOPLIST_FILE = FengurArchive/Info.plist;
				LD_RUNPATH_SEARCH_PATHS = "$(inherited) @executable_path/Frameworks";
				PRODUCT_BUNDLE_IDENTIFIER = com.fengur.demo.FengurArchive;
				PRODUCT_NAME = "$(TARGET_NAME)";
			};
			name = Release;
		};
		937304F71BEB0F4D00F7D9E3 /* Debug */ = {
			isa = XCBuildConfiguration;
			buildSettings = {
				BUNDLE_LOADER = "$(TEST_HOST)";
				INFOPLIST_FILE = FengurArchiveTests/Info.plist;
				LD_RUNPATH_SEARCH_PATHS = "$(inherited) @executable_path/Frameworks @loader_path/Frameworks";
				PRODUCT_BUNDLE_IDENTIFIER = com.fengur.demo.FengurArchiveTests;
				PRODUCT_NAME = "$(TARGET_NAME)";
				TEST_HOST = "$(BUILT_PRODUCTS_DIR)/FengurArchive.app/FengurArchive";
			};
			name = Debug;
		};
		937304F81BEB0F4D00F7D9E3 /* Release */ = {
			isa = XCBuildConfiguration;
			buildSettings = {
				BUNDLE_LOADER = "$(TEST_HOST)";
				INFOPLIST_FILE = FengurArchiveTests/Info.plist;
				LD_RUNPATH_SEARCH_PATHS = "$(inherited) @executable_path/Frameworks @loader_path/Frameworks";
				PRODUCT_BUNDLE_IDENTIFIER = com.fengur.demo.FengurArchiveTests;
				PRODUCT_NAME = "$(TARGET_NAME)";
				TEST_HOST = "$(BUILT_PRODUCTS_DIR)/FengurArchive.app/FengurArchive";
			};
			name = Release;
		};
		937304FA1BEB0F4D00F7D9E3 /* Debug */ = {
			isa = XCBuildConfiguration;
			buildSettings = {
				INFOPLIST_FILE = FengurArchiveUITests/Info.plist;
				LD_RUNPATH_SEARCH_PATHS = "$(inherited) @executable_path/Frameworks @loader_path/Frameworks";
				PRODUCT_BUNDLE_IDENTIFIER = com.fengur.demo.FengurArchiveUITests;
				PRODUCT_NAME = "$(TARGET_NAME)";
				TEST_TARGET_NAME = FengurArchive;
				USES_XCTRUNNER = YES;
			};
			name = Debug;
		};
		937304FB1BEB0F4D00F7D9E3 /* Release */ = {
			isa = XCBuildConfiguration;
			buildSettings = {
				INFOPLIST_FILE = FengurArchiveUITests/Info.plist;
				LD_RUNPATH_SEARCH_PATHS = "$(inherited) @executable_path/Frameworks @loader_path/Frameworks";
				PRODUCT_BUNDLE_IDENTIFIER = com.fengur.demo.FengurArchiveUITests;
				PRODUCT_NAME = "$(TARGET_NAME)";
				TEST_TARGET_NAME = FengurArchive;
				USES_XCTRUNNER = YES;
			};
			name = Release;
		};
/* End XCBuildConfiguration section */

/* Begin XCConfigurationList section */
		937304C11BEB0F4D00F7D9E3 /* Build configuration list for PBXProject "FengurArchive" */ = {
			isa = XCConfigurationList;
			buildConfigurations = (
				937304F11BEB0F4D00F7D9E3 /* Debug */,
				937304F21BEB0F4D00F7D9E3 /* Release */,
			);
			defaultConfigurationIsVisible = 0;
			defaultConfigurationName = Release;
		};
		937304F31BEB0F4D00F7D9E3 /* Build configuration list for PBXNativeTarget "FengurArchive" */ = {
			isa = XCConfigurationList;
			buildConfigurations = (
				937304F41BEB0F4D00F7D9E3 /* Debug */,
				937304F51BEB0F4D00F7D9E3 /* Release */,
			);
			defaultConfigurationIsVisible = 0;
		};
		937304F61BEB0F4D00F7D9E3 /* Build configuration list for PBXNativeTarget "FengurArchiveTests" */ = {
			isa = XCConfigurationList;
			buildConfigurations = (
				937304F71BEB0F4D00F7D9E3 /* Debug */,
				937304F81BEB0F4D00F7D9E3 /* Release */,
			);
			defaultConfigurationIsVisible = 0;
		};
		937304F91BEB0F4D00F7D9E3 /* Build configuration list for PBXNativeTarget "FengurArchiveUITests" */ = {
			isa = XCConfigurationList;
			buildConfigurations = (
				937304FA1BEB0F4D00F7D9E3 /* Debug */,
				937304FB1BEB0F4D00F7D9E3 /* Release */,
			);
			defaultConfigurationIsVisible = 0;
		};
/* End XCConfigurationList section */
	};
	rootObject = 937304BE1BEB0F4D00F7D9E3 /* Project object */;
}
